# @generated by Move, please check-in and do not edit manually.

[move]
version = 3
manifest_digest = "2E17B1CC5F975D294B3309F11B143AE6AFA9D3F524EAEE965AD10D22652CA16A"
deps_digest = "F8BBB0CCB2491CA29A3DF03D6F92277A4F3574266507ACD77214D37ECA3F3082"
dependencies = [
  { id = "Sui", name = "Sui" },
]

[[move.package]]
id = "MoveStdlib"
source = { local = "D:\\Work Space\\Move\\sui-framework\\sui-testnet-v1.47.0\\crates\\sui-framework\\packages\\move-stdlib" }

[[move.package]]
id = "Sui"
source = { local = "D:\\Work Space\\Move\\sui-framework\\sui-testnet-v1.47.0\\crates\\sui-framework\\packages\\sui-framework" }

dependencies = [
  { id = "MoveStdlib", name = "MoveStdlib" },
]

[move.toolchain-version]
compiler-version = "1.47.0"
edition = "2024.beta"
flavor = "sui"

[env]

[env.testnet]
chain-id = "4c78adac"
original-published-id = "0x7d387a9eed33a9821a15e4aa2ac8756fd90a24494b11f4b9641df65a5bca2a78"
latest-published-id = "0x7d387a9eed33a9821a15e4aa2ac8756fd90a24494b11f4b9641df65a5bca2a78"
published-version = "1"
