# @generated by Move, please check-in and do not edit manually.

[move]
version = 3
manifest_digest = "63A55458FB6B636BC385DD1C401E172FC3F09122A8248801E73E4E4F75ECD667"
deps_digest = "F8BBB0CCB2491CA29A3DF03D6F92277A4F3574266507ACD77214D37ECA3F3082"
dependencies = [
  { id = "Sui", name = "Sui" },
]

[[move.package]]
id = "MoveStdlib"
source = { local = "D:\\Work Space\\Move\\sui-framework\\sui-testnet-v1.47.0\\crates\\sui-framework\\packages\\move-stdlib" }

[[move.package]]
id = "Sui"
source = { local = "D:\\Work Space\\Move\\sui-framework\\sui-testnet-v1.47.0\\crates\\sui-framework\\packages\\sui-framework" }

dependencies = [
  { id = "MoveStdlib", name = "MoveStdlib" },
]

[move.toolchain-version]
compiler-version = "1.47.0"
edition = "2024.beta"
flavor = "sui"

[env]

[env.testnet]
chain-id = "4c78adac"
original-published-id = "0x491d05896ebe4f9ef9e91724379a88c746847054d9d0c292608dde7aed2638af"
latest-published-id = "0x491d05896ebe4f9ef9e91724379a88c746847054d9d0c292608dde7aed2638af"
published-version = "1"
